GEM
  remote: https://rubygems.org/
  specs:
    certified (1.0.0)
    concurrent-ruby (1.3.6)
    dotenv (3.2.0)
    faraday (2.14.0)
      faraday-net_http (>= 2.0, < 3.5)
      json
      logger
    faraday-net_http (3.4.2)
      net-http (~> 0.5)
    json (2.18.0)
    logger (1.7.0)
    net-http (0.8.0)
      uri (>= 0.11.1)
    uri (1.1.1)
    webrick (1.9.2)

PLATFORMS
  ruby
  x86_64-darwin-21

DEPENDENCIES
  certified
  concurrent-ruby
  dotenv
  faraday
  webrick

CHECKSUMS
  certified (1.0.0) sha256=aa4cdf0e90e7ee96f6e0ce3daae39eaa8f0486124e0d92daf64d2105aeb9069c
  concurrent-ruby (1.3.6) sha256=6b56837e1e7e5292f9864f34b69c5a2cbc75c0cf5338f1ce9903d10fa762d5ab
  dotenv (3.2.0) sha256=e375b83121ea7ca4ce20f214740076129ab8514cd81378161f11c03853fe619d
  faraday (2.14.0) sha256=8699cfe5d97e55268f2596f9a9d5a43736808a943714e3d9a53e6110593941cd
  faraday-net_http (3.4.2) sha256=f147758260d3526939bf57ecf911682f94926a3666502e24c69992765875906c
  json (2.18.0) sha256=b10506aee4183f5cf49e0efc48073d7b75843ce3782c68dbeb763351c08fd505
  logger (1.7.0) sha256=196edec7cc44b66cfb40f9755ce11b392f21f7967696af15d274dde7edff0203
  net-http (0.8.0) sha256=df42c47ce9f9e95ad32a317c97c12f945bc1af365288837ea4ff259876ecb46d
  uri (1.1.1) sha256=379fa58d27ffb1387eaada68c749d1426738bd0f654d812fcc07e7568f5c57c6
  webrick (1.9.2) sha256=beb4a15fc474defed24a3bda4ffd88a490d517c9e4e6118c3edce59e45864131

BUNDLED WITH
  4.0.0
